
Microsoft Visual Studio Solution File, Format Version 12.00
# Visual Studio Version 16
VisualStudioVersion = 16.0.29411.108
MinimumVisualStudioVersion = 10.0.40219.1
Project("{9A19103F-16F7-4668-BE54-9A1E7A4F7556}") = "imisClientAppStarterKit", "imisClientAppStarterKit.csproj", "{C6B3BE2A-B8FB-4B0C-A40D-E22F92C24984}"
EndProject
Global
	GlobalSection(SolutionConfigurationPlatforms) = preSolution
		Debug|Any CPU = Debug|Any CPU
		Release|Any CPU = Release|Any CPU
	EndGlobalSection
	GlobalSection(ProjectConfigurationPlatforms) = postSolution
		{C6B3BE2A-B8FB-4B0C-A40D-E22F92C24984}.Debug|Any CPU.ActiveCfg = Debug|Any CPU
		{C6B3BE2A-B8FB-4B0C-A40D-E22F92C24984}.Debug|Any CPU.Build.0 = Debug|Any CPU
		{C6B3BE2A-B8FB-4B0C-A40D-E22F92C24984}.Release|Any CPU.ActiveCfg = Release|Any CPU
		{C6B3BE2A-B8FB-4B0C-A40D-E22F92C24984}.Release|Any CPU.Build.0 = Release|Any CPU
	EndGlobalSection
	GlobalSection(SolutionProperties) = preSolution
		HideSolutionNode = FALSE
	EndGlobalSection
	GlobalSection(ExtensibilityGlobals) = postSolution
		SolutionGuid = {87E4FC62-3CB3-444F-AFFA-5D0473EFB63B}
	EndGlobalSection
EndGlobal
